PODS:
  - MBCircularProgressBar (0.3.5)

DEPENDENCIES:
  - MBCircularProgressBar (from `../`)

EXTERNAL SOURCES:
  MBCircularProgressBar:
    :path: "../"

SPEC CHECKSUMS:
  MBCircularProgressBar: 36d0cfbceb410f0261b0f8c5ab60a015f7d12c14

PODFILE CHECKSUM: 714c3e3d184000ec5c0bd676b588b84e746b2502

COCOAPODS: 1.5.3
